Microsoft Visual Studio Solution File, Format Version 12.00
# Visual Studio 2012
Project("{FAE04EC0-301F-11D3-BF4B-00C04F79EFBC}") = "Kuro The Dodger", "Kuro The Dodger.csproj", "{421D72F4-413A-4570-94F9-3F8077325EAF}"
EndProject
Global
	GlobalSection(SolutionConfigurationPlatforms) = preSolution
	Debug|Any CPU = Debug|Any CPU
	ExportDebug|Any CPU = ExportDebug|Any CPU
	ExportRelease|Any CPU = ExportRelease|Any CPU
	EndGlobalSection
	GlobalSection(ProjectConfigurationPlatforms) = postSolution
		{421D72F4-413A-4570-94F9-3F8077325EAF}.Debug|Any CPU.ActiveCfg = Debug|Any CPU
		{421D72F4-413A-4570-94F9-3F8077325EAF}.Debug|Any CPU.Build.0 = Debug|Any CPU
		{421D72F4-413A-4570-94F9-3F8077325EAF}.ExportDebug|Any CPU.ActiveCfg = ExportDebug|Any CPU
		{421D72F4-413A-4570-94F9-3F8077325EAF}.ExportDebug|Any CPU.Build.0 = ExportDebug|Any CPU
		{421D72F4-413A-4570-94F9-3F8077325EAF}.ExportRelease|Any CPU.ActiveCfg = ExportRelease|Any CPU
		{421D72F4-413A-4570-94F9-3F8077325EAF}.ExportRelease|Any CPU.Build.0 = ExportRelease|Any CPU
	EndGlobalSection
EndGlobal
